// !$*UTF8*$!
{
	archiveVersion = 1;
	classes = {
	};
	objectVersion = 46;
	objects = {

/* Begin PBXBuildFile section */
		4A05EBE6D60E41D49360C19E /* Pods.framework in Frameworks */ = {isa = PBXBuildFile; fileRef = 9F9292E94A5BD7AA85BB0D7A /* Pods.framework */; };
		DA0116831D0CFB5F00D5A842 /* main.m in Sources */ = {isa = PBXBuildFile; fileRef = DA0116821D0CFB5F00D5A842 /* main.m */; };
		DA0116861D0CFB5F00D5A842 /* AppDelegate.m in Sources */ = {isa = PBXBuildFile; fileRef = DA0116851D0CFB5F00D5A842 /* AppDelegate.m */; };
		DA0116891D0CFB5F00D5A842 /* ViewController.m in Sources */ = {isa = PBXBuildFile; fileRef = DA0116881D0CFB5F00D5A842 /* ViewController.m */; };
		DA01168C1D0CFB5F00D5A842 /* Main.storyboard in Resources */ = {isa = PBXBuildFile; fileRef = DA01168A1D0CFB5F00D5A842 /* Main.storyboard */; };
		DA01168E1D0CFB5F00D5A842 /* Assets.xcassets in Resources */ = {isa = PBXBuildFile; fileRef = DA01168D1D0CFB5F00D5A842 /* Assets.xcassets */; };
		DA0116911D0CFB5F00D5A842 /* LaunchScreen.storyboard in Resources */ = {isa = PBXBuildFile; fileRef = DA01168F1D0CFB5F00D5A842 /* LaunchScreen.storyboard */; };
		DA01169C1D0CFB5F00D5A842 /* CountAppTests.m in Sources */ = {isa = PBXBuildFile; fileRef = DA01169B1D0CFB5F00D5A842 /* CountAppTests.m */; };
		DA0116A71D0CFB5F00D5A842 /* CountAppUITests.m in Sources */ = {isa = PBXBuildFile; fileRef = DA0116A61D0CFB5F00D5A842 /* CountAppUITests.m */; };
		DA0116BD1D0CFDDD00D5A842 /* UIViewController+SwizzlingView.m in Sources */ = {isa = PBXBuildFile; fileRef = DA0116BA1D0CFDDD00D5A842 /* UIViewController+SwizzlingView.m */; };
		DA0116BE1D0CFDDD00D5A842 /* JSHookUtility.m in Sources */ = {isa = PBXBuildFile; fileRef = DA0116BC1D0CFDDD00D5A842 /* JSHookUtility.m */; };
		DA0116C11D0CFE0F00D5A842 /* ViewController2.m in Sources */ = {isa = PBXBuildFile; fileRef = DA0116C01D0CFE0F00D5A842 /* ViewController2.m */; };
		DA0116C41D0CFE1D00D5A842 /* ViewController3.m in Sources */ = {isa = PBXBuildFile; fileRef = DA0116C31D0CFE1D00D5A842 /* ViewController3.m */; };
		DA0116C91D0D094500D5A842 /* PageName.plist in Resources */ = {isa = PBXBuildFile; fileRef = DA0116C81D0D094500D5A842 /* PageName.plist */; };
		DA182F7E1D13CCA800C9C886 /* TableViewCell.m in Sources */ = {isa = PBXBuildFile; fileRef = DA182F7C1D13CCA800C9C886 /* TableViewCell.m */; };
		DA182F7F1D13CCA800C9C886 /* TableViewCell.xib in Resources */ = {isa = PBXBuildFile; fileRef = DA182F7D1D13CCA800C9C886 /* TableViewCell.xib */; };
		DA78C8E11D0D3DCD0031FF0A /* JSStatisticalDataManager.m in Sources */ = {isa = PBXBuildFile; fileRef = DA78C8E01D0D3DCD0031FF0A /* JSStatisticalDataManager.m */; };
		DA78C8E51D0E992A0031FF0A /* JSClick.m in Sources */ = {isa = PBXBuildFile; fileRef = DA78C8E41D0E992A0031FF0A /* JSClick.m */; };
		DA78C8E81D0FAAA70031FF0A /* JSClickPageStat.m in Sources */ = {isa = PBXBuildFile; fileRef = DA78C8E71D0FAAA70031FF0A /* JSClickPageStat.m */; };
		DA78C8EB1D0FAAB60031FF0A /* JSClickEventStat.m in Sources */ = {isa = PBXBuildFile; fileRef = DA78C8EA1D0FAAB60031FF0A /* JSClickEventStat.m */; };
		DA78C8ED1D1001EB0031FF0A /* EventName.plist in Resources */ = {isa = PBXBuildFile; fileRef = DA78C8EC1D1001EB0031FF0A /* EventName.plist */; };
		DA8CA5691D20BABA00A5CF0D /* Upload.swift in Sources */ = {isa = PBXBuildFile; fileRef = DA8CA5681D20BABA00A5CF0D /* Upload.swift */; };
		DA8CA56B1D20F74400A5CF0D /* CustomCell.swift in Sources */ = {isa = PBXBuildFile; fileRef = DA8CA56A1D20F74400A5CF0D /* CustomCell.swift */; };
		DA8CA56F1D21015E00A5CF0D /* KKNavigationController.m in Sources */ = {isa = PBXBuildFile; fileRef = DA8CA56E1D21015E00A5CF0D /* KKNavigationController.m */; };
		DA8CA5731D2107D400A5CF0D /* MLNavigationController.m in Sources */ = {isa = PBXBuildFile; fileRef = DA8CA5721D2107D400A5CF0D /* MLNavigationController.m */; settings = {COMPILER_FLAGS = "-fno-objc-arc"; }; };
		DAAAA17C1D1291BC00828699 /* JSUPLoad.m in Sources */ = {isa = PBXBuildFile; fileRef = DAAAA17B1D1291BC00828699 /* JSUPLoad.m */; };
		DAAAA17F1D129C8800828699 /* JSONKit.m in Sources */ = {isa = PBXBuildFile; fileRef = DAAAA17E1D129C8800828699 /* JSONKit.m */; settings = {COMPILER_FLAGS = "-fno-objc-arc"; }; };
/* End PBXBuildFile section */

/* Begin PBXContainerItemProxy section */
		DA0116981D0CFB5F00D5A842 /* PBXContainerItemProxy */ = {
			isa = PBXContainerItemProxy;
			containerPortal = DA0116761D0CFB5F00D5A842 /* Project object */;
			proxyType = 1;
			remoteGlobalIDString = DA01167D1D0CFB5F00D5A842;
			remoteInfo = CountApp;
		};
		DA0116A31D0CFB5F00D5A842 /* PBXContainerItemProxy */ = {
			isa = PBXContainerItemProxy;
			containerPortal = DA0116761D0CFB5F00D5A842 /* Project object */;
			proxyType = 1;
			remoteGlobalIDString = DA01167D1D0CFB5F00D5A842;
			remoteInfo = CountApp;
		};
/* End PBXContainerItemProxy section */

/* Begin PBXFileReference section */
		18DCCF13794A1CA9F8CDAD25 /* Pods.release.xcconfig */ = {isa = PBXFileReference; includeInIndex = 1; lastKnownFileType = text.xcconfig; name = Pods.release.xcconfig; path = "Pods/Target Support Files/Pods/Pods.release.xcconfig"; sourceTree = "<group>"; };
		72870B26BBD1C826814CAAC0 /* Pods.debug.xcconfig */ = {isa = PBXFileReference; includeInIndex = 1; lastKnownFileType = text.xcconfig; name = Pods.debug.xcconfig; path = "Pods/Target Support Files/Pods/Pods.debug.xcconfig"; sourceTree = "<group>"; };
		9F9292E94A5BD7AA85BB0D7A /* Pods.framework */ = {isa = PBXFileReference; explicitFileType = wrapper.framework; includeInIndex = 0; path = Pods.framework; sourceTree = BUILT_PRODUCTS_DIR; };
		DA01167E1D0CFB5F00D5A842 /* CountApp.app */ = {isa = PBXFileReference; explicitFileType = wrapper.application; includeInIndex = 0; path = CountApp.app; sourceTree = BUILT_PRODUCTS_DIR; };
		DA0116821D0CFB5F00D5A842 /* main.m */ = {isa = PBXFileReference; lastKnownFileType = sourcecode.c.objc; path = main.m; sourceTree = "<group>"; };
		DA0116841D0CFB5F00D5A842 /* AppDelegate.h */ = {isa = PBXFileReference; lastKnownFileType = sourcecode.c.h; path = AppDelegate.h; sourceTree = "<group>"; };
		DA0116851D0CFB5F00D5A842 /* AppDelegate.m */ = {isa = PBXFileReference; lastKnownFileType = sourcecode.c.objc; path = AppDelegate.m; sourceTree = "<group>"; };
		DA0116871D0CFB5F00D5A842 /* ViewController.h */ = {isa = PBXFileReference; lastKnownFileType = sourcecode.c.h; path = ViewController.h; sourceTree = "<group>"; };
		DA0116881D0CFB5F00D5A842 /* ViewController.m */ = {isa = PBXFileReference; lastKnownFileType = sourcecode.c.objc; path = ViewController.m; sourceTree = "<group>"; };
		DA01168B1D0CFB5F00D5A842 /* Base */ = {isa = PBXFileReference; lastKnownFileType = file.storyboard; name = Base; path = Base.lproj/Main.storyboard; sourceTree = "<group>"; };
		DA01168D1D0CFB5F00D5A842 /* Assets.xcassets */ = {isa = PBXFileReference; lastKnownFileType = folder.assetcatalog; path = Assets.xcassets; sourceTree = "<group>"; };
		DA0116901D0CFB5F00D5A842 /* Base */ = {isa = PBXFileReference; lastKnownFileType = file.storyboard; name = Base; path = Base.lproj/LaunchScreen.storyboard; sourceTree = "<group>"; };
		DA0116921D0CFB5F00D5A842 /* Info.plist */ = {isa = PBXFileReference; lastKnownFileType = text.plist.xml; path = Info.plist; sourceTree = "<group>"; };
		DA0116971D0CFB5F00D5A842 /* CountAppTests.xctest */ = {isa = PBXFileReference; explicitFileType = wrapper.cfbundle; includeInIndex = 0; path = CountAppTests.xctest; sourceTree = BUILT_PRODUCTS_DIR; };
		DA01169B1D0CFB5F00D5A842 /* CountAppTests.m */ = {isa = PBXFileReference; lastKnownFileType = sourcecode.c.objc; path = CountAppTests.m; sourceTree = "<group>"; };
		DA01169D1D0CFB5F00D5A842 /* Info.plist */ = {isa = PBXFileReference; lastKnownFileType = text.plist.xml; path = Info.plist; sourceTree = "<group>"; };
		DA0116A21D0CFB5F00D5A842 /* CountAppUITests.xctest */ = {isa = PBXFileReference; explicitFileType = wrapper.cfbundle; includeInIndex = 0; path = CountAppUITests.xctest; sourceTree = BUILT_PRODUCTS_DIR; };
		DA0116A61D0CFB5F00D5A842 /* CountAppUITests.m */ = {isa = PBXFileReference; lastKnownFileType = sourcecode.c.objc; path = CountAppUITests.m; sourceTree = "<group>"; };
		DA0116A81D0CFB5F00D5A842 /* Info.plist */ = {isa = PBXFileReference; lastKnownFileType = text.plist.xml; path = Info.plist; sourceTree = "<group>"; };
		DA0116B91D0CFDDD00D5A842 /* UIViewController+SwizzlingView.h */ = {isa = PBXFileReference; fileEncoding = 4; lastKnownFileType = sourcecode.c.h; path = "UIViewController+SwizzlingView.h"; sourceTree = "<group>"; };
		DA0116BA1D0CFDDD00D5A842 /* UIViewController+SwizzlingView.m */ = {isa = PBXFileReference; fileEncoding = 4; lastKnownFileType = sourcecode.c.objc; path = "UIViewController+SwizzlingView.m"; sourceTree = "<group>"; };
		DA0116BB1D0CFDDD00D5A842 /* JSHookUtility.h */ = {isa = PBXFileReference; fileEncoding = 4; lastKnownFileType = sourcecode.c.h; path = JSHookUtility.h; sourceTree = "<group>"; };
		DA0116BC1D0CFDDD00D5A842 /* JSHookUtility.m */ = {isa = PBXFileReference; fileEncoding = 4; lastKnownFileType = sourcecode.c.objc; path = JSHookUtility.m; sourceTree = "<group>"; };
		DA0116BF1D0CFE0F00D5A842 /* ViewController2.h */ = {isa = PBXFileReference; fileEncoding = 4; lastKnownFileType = sourcecode.c.h; path = ViewController2.h; sourceTree = "<group>"; };
		DA0116C01D0CFE0F00D5A842 /* ViewController2.m */ = {isa = PBXFileReference; fileEncoding = 4; lastKnownFileType = sourcecode.c.objc; path = ViewController2.m; sourceTree = "<group>"; };
		DA0116C21D0CFE1D00D5A842 /* ViewController3.h */ = {isa = PBXFileReference; fileEncoding = 4; lastKnownFileType = sourcecode.c.h; path = ViewController3.h; sourceTree = "<group>"; };
		DA0116C31D0CFE1D00D5A842 /* ViewController3.m */ = {isa = PBXFileReference; fileEncoding = 4; lastKnownFileType = sourcecode.c.objc; path = ViewController3.m; sourceTree = "<group>"; };
		DA0116C81D0D094500D5A842 /* PageName.plist */ = {isa = PBXFileReference; fileEncoding = 4; lastKnownFileType = text.plist.xml; path = PageName.plist; sourceTree = "<group>"; };
		DA182F7B1D13CCA800C9C886 /* TableViewCell.h */ = {isa = PBXFileReference; fileEncoding = 4; lastKnownFileType = sourcecode.c.h; path = TableViewCell.h; sourceTree = "<group>"; };
		DA182F7C1D13CCA800C9C886 /* TableViewCell.m */ = {isa = PBXFileReference; fileEncoding = 4; lastKnownFileType = sourcecode.c.objc; path = TableViewCell.m; sourceTree = "<group>"; };
		DA182F7D1D13CCA800C9C886 /* TableViewCell.xib */ = {isa = PBXFileReference; fileEncoding = 4; lastKnownFileType = file.xib; path = TableViewCell.xib; sourceTree = "<group>"; };
		DA78C8DF1D0D3DCD0031FF0A /* JSStatisticalDataManager.h */ = {isa = PBXFileReference; fileEncoding = 4; lastKnownFileType = sourcecode.c.h; path = JSStatisticalDataManager.h; sourceTree = "<group>"; };
		DA78C8E01D0D3DCD0031FF0A /* JSStatisticalDataManager.m */ = {isa = PBXFileReference; fileEncoding = 4; lastKnownFileType = sourcecode.c.objc; path = JSStatisticalDataManager.m; sourceTree = "<group>"; };
		DA78C8E31D0E992A0031FF0A /* JSClick.h */ = {isa = PBXFileReference; fileEncoding = 4; lastKnownFileType = sourcecode.c.h; path = JSClick.h; sourceTree = "<group>"; };
		DA78C8E41D0E992A0031FF0A /* JSClick.m */ = {isa = PBXFileReference; fileEncoding = 4; lastKnownFileType = sourcecode.c.objc; path = JSClick.m; sourceTree = "<group>"; };
		DA78C8E61D0FAAA70031FF0A /* JSClickPageStat.h */ = {isa = PBXFileReference; fileEncoding = 4; lastKnownFileType = sourcecode.c.h; path = JSClickPageStat.h; sourceTree = "<group>"; };
		DA78C8E71D0FAAA70031FF0A /* JSClickPageStat.m */ = {isa = PBXFileReference; fileEncoding = 4; lastKnownFileType = sourcecode.c.objc; path = JSClickPageStat.m; sourceTree = "<group>"; };
		DA78C8E91D0FAAB60031FF0A /* JSClickEventStat.h */ = {isa = PBXFileReference; fileEncoding = 4; lastKnownFileType = sourcecode.c.h; path = JSClickEventStat.h; sourceTree = "<group>"; };
		DA78C8EA1D0FAAB60031FF0A /* JSClickEventStat.m */ = {isa = PBXFileReference; fileEncoding = 4; lastKnownFileType = sourcecode.c.objc; path = JSClickEventStat.m; sourceTree = "<group>"; };
		DA78C8EC1D1001EB0031FF0A /* EventName.plist */ = {isa = PBXFileReference; fileEncoding = 4; lastKnownFileType = text.plist.xml; path = EventName.plist; sourceTree = "<group>"; };
		DA8CA5671D20BABA00A5CF0D /* CountApp-Bridging-Header.h */ = {isa = PBXFileReference; lastKnownFileType = sourcecode.c.h; path = "CountApp-Bridging-Header.h"; sourceTree = "<group>"; };
		DA8CA5681D20BABA00A5CF0D /* Upload.swift */ = {isa = PBXFileReference; fileEncoding = 4; lastKnownFileType = sourcecode.swift; path = Upload.swift; sourceTree = "<group>"; };
		DA8CA56A1D20F74400A5CF0D /* CustomCell.swift */ = {isa = PBXFileReference; fileEncoding = 4; lastKnownFileType = sourcecode.swift; path = CustomCell.swift; sourceTree = "<group>"; };
		DA8CA56D1D21015E00A5CF0D /* KKNavigationController.h */ = {isa = PBXFileReference; fileEncoding = 4; lastKnownFileType = sourcecode.c.h; path = KKNavigationController.h; sourceTree = "<group>"; };
		DA8CA56E1D21015E00A5CF0D /* KKNavigationController.m */ = {isa = PBXFileReference; fileEncoding = 4; lastKnownFileType = sourcecode.c.objc; path = KKNavigationController.m; sourceTree = "<group>"; };
		DA8CA5711D2107D400A5CF0D /* MLNavigationController.h */ = {isa = PBXFileReference; fileEncoding = 4; lastKnownFileType = sourcecode.c.h; path = MLNavigationController.h; sourceTree = "<group>"; };
		DA8CA5721D2107D400A5CF0D /* MLNavigationController.m */ = {isa = PBXFileReference; fileEncoding = 4; lastKnownFileType = sourcecode.c.objc; path = MLNavigationController.m; sourceTree = "<group>"; };
		DAAAA17A1D1291BC00828699 /* JSUPLoad.h */ = {isa = PBXFileReference; fileEncoding = 4; lastKnownFileType = sourcecode.c.h; path = JSUPLoad.h; sourceTree = "<group>"; };
		DAAAA17B1D1291BC00828699 /* JSUPLoad.m */ = {isa = PBXFileReference; fileEncoding = 4; lastKnownFileType = sourcecode.c.objc; path = JSUPLoad.m; sourceTree = "<group>"; };
		DAAAA17D1D129C8800828699 /* JSONKit.h */ = {isa = PBXFileReference; fileEncoding = 4; lastKnownFileType = sourcecode.c.h; path = JSONKit.h; sourceTree = "<group>"; };
		DAAAA17E1D129C8800828699 /* JSONKit.m */ = {isa = PBXFileReference; fileEncoding = 4; lastKnownFileType = sourcecode.c.objc; path = JSONKit.m; sourceTree = "<group>"; };
/* End PBXFileReference section */

/* Begin PBXFrameworksBuildPhase section */
		DA01167B1D0CFB5F00D5A842 /* Frameworks */ = {
			isa = PBXFrameworksBuildPhase;
			buildActionMask = 2147483647;
			files = (
				4A05EBE6D60E41D49360C19E /* Pods.framework in Frameworks */,
			);
			runOnlyForDeploymentPostprocessing = 0;
		};
		DA0116941D0CFB5F00D5A842 /* Frameworks */ = {
			isa = PBXFrameworksBuildPhase;
			buildActionMask = 2147483647;
			files = (
			);
			runOnlyForDeploymentPostprocessing = 0;
		};
		DA01169F1D0CFB5F00D5A842 /* Frameworks */ = {
			isa = PBXFrameworksBuildPhase;
			buildActionMask = 2147483647;
			files = (
			);
			runOnlyForDeploymentPostprocessing = 0;
		};
/* End PBXFrameworksBuildPhase section */

/* Begin PBXGroup section */
		BA0500F04FCF5EBC73CE1ABF /* Frameworks */ = {
			isa = PBXGroup;
			children = (
				9F9292E94A5BD7AA85BB0D7A /* Pods.framework */,
			);
			name = Frameworks;
			sourceTree = "<group>";
		};
		CF848DBAAA50A2B3B3BE40E9 /* Pods */ = {
			isa = PBXGroup;
			children = (
				72870B26BBD1C826814CAAC0 /* Pods.debug.xcconfig */,
				18DCCF13794A1CA9F8CDAD25 /* Pods.release.xcconfig */,
			);
			name = Pods;
			sourceTree = "<group>";
		};
		DA0116751D0CFB5F00D5A842 = {
			isa = PBXGroup;
			children = (
				DA8CA5701D2107D400A5CF0D /* Src */,
				DA8CA56C1D21015E00A5CF0D /* KKNavigationController */,
				DA0116801D0CFB5F00D5A842 /* CountApp */,
				DA01169A1D0CFB5F00D5A842 /* CountAppTests */,
				DA0116A51D0CFB5F00D5A842 /* CountAppUITests */,
				DA01167F1D0CFB5F00D5A842 /* Products */,
				CF848DBAAA50A2B3B3BE40E9 /* Pods */,
				BA0500F04FCF5EBC73CE1ABF /* Frameworks */,
			);
			sourceTree = "<group>";
		};
		DA01167F1D0CFB5F00D5A842 /* Products */ = {
			isa = PBXGroup;
			children = (
				DA01167E1D0CFB5F00D5A842 /* CountApp.app */,
				DA0116971D0CFB5F00D5A842 /* CountAppTests.xctest */,
				DA0116A21D0CFB5F00D5A842 /* CountAppUITests.xctest */,
			);
			name = Products;
			sourceTree = "<group>";
		};
		DA0116801D0CFB5F00D5A842 /* CountApp */ = {
			isa = PBXGroup;
			children = (
				DA0116841D0CFB5F00D5A842 /* AppDelegate.h */,
				DA0116851D0CFB5F00D5A842 /* AppDelegate.m */,
				DA0116871D0CFB5F00D5A842 /* ViewController.h */,
				DA0116881D0CFB5F00D5A842 /* ViewController.m */,
				DA0116BF1D0CFE0F00D5A842 /* ViewController2.h */,
				DA0116C01D0CFE0F00D5A842 /* ViewController2.m */,
				DA0116C21D0CFE1D00D5A842 /* ViewController3.h */,
				DA0116C31D0CFE1D00D5A842 /* ViewController3.m */,
				DA182F7B1D13CCA800C9C886 /* TableViewCell.h */,
				DA182F7C1D13CCA800C9C886 /* TableViewCell.m */,
				DA182F7D1D13CCA800C9C886 /* TableViewCell.xib */,
				DA01168A1D0CFB5F00D5A842 /* Main.storyboard */,
				DA01168D1D0CFB5F00D5A842 /* Assets.xcassets */,
				DA01168F1D0CFB5F00D5A842 /* LaunchScreen.storyboard */,
				DA0116921D0CFB5F00D5A842 /* Info.plist */,
				DA0116B81D0CFBF100D5A842 /* JSCountMananger */,
				DA0116811D0CFB5F00D5A842 /* Supporting Files */,
			);
			path = CountApp;
			sourceTree = "<group>";
		};
		DA0116811D0CFB5F00D5A842 /* Supporting Files */ = {
			isa = PBXGroup;
			children = (
				DA0116821D0CFB5F00D5A842 /* main.m */,
			);
			name = "Supporting Files";
			sourceTree = "<group>";
		};
		DA01169A1D0CFB5F00D5A842 /* CountAppTests */ = {
			isa = PBXGroup;
			children = (
				DA01169B1D0CFB5F00D5A842 /* CountAppTests.m */,
				DA01169D1D0CFB5F00D5A842 /* Info.plist */,
			);
			path = CountAppTests;
			sourceTree = "<group>";
		};
		DA0116A51D0CFB5F00D5A842 /* CountAppUITests */ = {
			isa = PBXGroup;
			children = (
				DA0116A61D0CFB5F00D5A842 /* CountAppUITests.m */,
				DA0116A81D0CFB5F00D5A842 /* Info.plist */,
			);
			path = CountAppUITests;
			sourceTree = "<group>";
		};
		DA0116B81D0CFBF100D5A842 /* JSCountMananger */ = {
			isa = PBXGroup;
			children = (
				DA0116B91D0CFDDD00D5A842 /* UIViewController+SwizzlingView.h */,
				DA0116BA1D0CFDDD00D5A842 /* UIViewController+SwizzlingView.m */,
				DA0116BB1D0CFDDD00D5A842 /* JSHookUtility.h */,
				DA0116BC1D0CFDDD00D5A842 /* JSHookUtility.m */,
				DA78C8E31D0E992A0031FF0A /* JSClick.h */,
				DA78C8E41D0E992A0031FF0A /* JSClick.m */,
				DA78C8E61D0FAAA70031FF0A /* JSClickPageStat.h */,
				DA78C8E71D0FAAA70031FF0A /* JSClickPageStat.m */,
				DA78C8E91D0FAAB60031FF0A /* JSClickEventStat.h */,
				DA78C8EA1D0FAAB60031FF0A /* JSClickEventStat.m */,
				DA78C8DF1D0D3DCD0031FF0A /* JSStatisticalDataManager.h */,
				DA78C8E01D0D3DCD0031FF0A /* JSStatisticalDataManager.m */,
				DAAAA17A1D1291BC00828699 /* JSUPLoad.h */,
				DAAAA17B1D1291BC00828699 /* JSUPLoad.m */,
				DA8CA5681D20BABA00A5CF0D /* Upload.swift */,
				DA8CA56A1D20F74400A5CF0D /* CustomCell.swift */,
				DAAAA17D1D129C8800828699 /* JSONKit.h */,
				DAAAA17E1D129C8800828699 /* JSONKit.m */,
				DA0116C81D0D094500D5A842 /* PageName.plist */,
				DA78C8EC1D1001EB0031FF0A /* EventName.plist */,
				DA8CA5671D20BABA00A5CF0D /* CountApp-Bridging-Header.h */,
			);
			path = JSCountMananger;
			sourceTree = "<group>";
		};
		DA8CA56C1D21015E00A5CF0D /* KKNavigationController */ = {
			isa = PBXGroup;
			children = (
				DA8CA56D1D21015E00A5CF0D /* KKNavigationController.h */,
				DA8CA56E1D21015E00A5CF0D /* KKNavigationController.m */,
			);
			path = KKNavigationController;
			sourceTree = "<group>";
		};
		DA8CA5701D2107D400A5CF0D /* Src */ = {
			isa = PBXGroup;
			children = (
				DA8CA5711D2107D400A5CF0D /* MLNavigationController.h */,
				DA8CA5721D2107D400A5CF0D /* MLNavigationController.m */,
			);
			path = Src;
			sourceTree = "<group>";
		};
/* End PBXGroup section */

/* Begin PBXNativeTarget section */
		DA01167D1D0CFB5F00D5A842 /* CountApp */ = {
			isa = PBXNativeTarget;
			buildConfigurationList = DA0116AB1D0CFB5F00D5A842 /* Build configuration list for PBXNativeTarget "CountApp" */;
			buildPhases = (
				323988D1C765394831B8B431 /* Check Pods Manifest.lock */,
				DA01167A1D0CFB5F00D5A842 /* Sources */,
				DA01167B1D0CFB5F00D5A842 /* Frameworks */,
				DA01167C1D0CFB5F00D5A842 /* Resources */,
				88B104650F1720DA7F55D946 /* Embed Pods Frameworks */,
				8FC213471158E1D4B90B61DD /* Copy Pods Resources */,
			);
			buildRules = (
			);
			dependencies = (
			);
			name = CountApp;
			productName = CountApp;
			productReference = DA01167E1D0CFB5F00D5A842 /* CountApp.app */;
			productType = "com.apple.product-type.application";
		};
		DA0116961D0CFB5F00D5A842 /* CountAppTests */ = {
			isa = PBXNativeTarget;
			buildConfigurationList = DA0116AE1D0CFB5F00D5A842 /* Build configuration list for PBXNativeTarget "CountAppTests" */;
			buildPhases = (
				DA0116931D0CFB5F00D5A842 /* Sources */,
				DA0116941D0CFB5F00D5A842 /* Frameworks */,
				DA0116951D0CFB5F00D5A842 /* Resources */,
			);
			buildRules = (
			);
			dependencies = (
				DA0116991D0CFB5F00D5A842 /* PBXTargetDependency */,
			);
			name = CountAppTests;
			productName = CountAppTests;
			productReference = DA0116971D0CFB5F00D5A842 /* CountAppTests.xctest */;
			productType = "com.apple.product-type.bundle.unit-test";
		};
		DA0116A11D0CFB5F00D5A842 /* CountAppUITests */ = {
			isa = PBXNativeTarget;
			buildConfigurationList = DA0116B11D0CFB5F00D5A842 /* Build configuration list for PBXNativeTarget "CountAppUITests" */;
			buildPhases = (
				DA01169E1D0CFB5F00D5A842 /* Sources */,
				DA01169F1D0CFB5F00D5A842 /* Frameworks */,
				DA0116A01D0CFB5F00D5A842 /* Resources */,
			);
			buildRules = (
			);
			dependencies = (
				DA0116A41D0CFB5F00D5A842 /* PBXTargetDependency */,
			);
			name = CountAppUITests;
			productName = CountAppUITests;
			productReference = DA0116A21D0CFB5F00D5A842 /* CountAppUITests.xctest */;
			productType = "com.apple.product-type.bundle.ui-testing";
		};
/* End PBXNativeTarget section */

/* Begin PBXProject section */
		DA0116761D0CFB5F00D5A842 /* Project object */ = {
			isa = PBXProject;
			attributes = {
				LastUpgradeCheck = 0730;
				ORGANIZATIONNAME = Stefanie;
				TargetAttributes = {
					DA01167D1D0CFB5F00D5A842 = {
						CreatedOnToolsVersion = 7.3;
					};
					DA0116961D0CFB5F00D5A842 = {
						CreatedOnToolsVersion = 7.3;
						TestTargetID = DA01167D1D0CFB5F00D5A842;
					};
					DA0116A11D0CFB5F00D5A842 = {
						CreatedOnToolsVersion = 7.3;
						TestTargetID = DA01167D1D0CFB5F00D5A842;
					};
				};
			};
			buildConfigurationList = DA0116791D0CFB5F00D5A842 /* Build configuration list for PBXProject "CountApp" */;
			compatibilityVersion = "Xcode 3.2";
			developmentRegion = English;
			hasScannedForEncodings = 0;
			knownRegions = (
				en,
				Base,
			);
			mainGroup = DA0116751D0CFB5F00D5A842;
			productRefGroup = DA01167F1D0CFB5F00D5A842 /* Products */;
			projectDirPath = "";
			projectRoot = "";
			targets = (
				DA01167D1D0CFB5F00D5A842 /* CountApp */,
				DA0116961D0CFB5F00D5A842 /* CountAppTests */,
				DA0116A11D0CFB5F00D5A842 /* CountAppUITests */,
			);
		};
/* End PBXProject section */

/* Begin PBXResourcesBuildPhase section */
		DA01167C1D0CFB5F00D5A842 /* Resources */ = {
			isa = PBXResourcesBuildPhase;
			buildActionMask = 2147483647;
			files = (
				DA78C8ED1D1001EB0031FF0A /* EventName.plist in Resources */,
				DA182F7F1D13CCA800C9C886 /* TableViewCell.xib in Resources */,
				DA0116911D0CFB5F00D5A842 /* LaunchScreen.storyboard in Resources */,
				DA01168E1D0CFB5F00D5A842 /* Assets.xcassets in Resources */,
				DA0116C91D0D094500D5A842 /* PageName.plist in Resources */,
				DA01168C1D0CFB5F00D5A842 /* Main.storyboard in Resources */,
			);
			runOnlyForDeploymentPostprocessing = 0;
		};
		DA0116951D0CFB5F00D5A842 /* Resources */ = {
			isa = PBXResourcesBuildPhase;
			buildActionMask = 2147483647;
			files = (
			);
			runOnlyForDeploymentPostprocessing = 0;
		};
		DA0116A01D0CFB5F00D5A842 /* Resources */ = {
			isa = PBXResourcesBuildPhase;
			buildActionMask = 2147483647;
			files = (
			);
			runOnlyForDeploymentPostprocessing = 0;
		};
/* End PBXResourcesBuildPhase section */

/* Begin PBXShellScriptBuildPhase section */
		323988D1C765394831B8B431 /* Check Pods Manifest.lock */ = {
			isa = PBXShellScriptBuildPhase;
			buildActionMask = 2147483647;
			files = (
			);
			inputPaths = (
			);
			name = "Check Pods Manifest.lock";
			outputPaths = (
			);
			runOnlyForDeploymentPostprocessing = 0;
			shellPath = /bin/sh;
			shellScript = "diff \"${PODS_ROOT}/../Podfile.lock\" \"${PODS_ROOT}/Manifest.lock\" > /dev/null\nif [[ $? != 0 ]] ; then\n    cat << EOM\nerror: The sandbox is not in sync with the Podfile.lock. Run 'pod install' or update your CocoaPods installation.\nEOM\n    exit 1\nfi\n";
			showEnvVarsInLog = 0;
		};
		88B104650F1720DA7F55D946 /* Embed Pods Frameworks */ = {
			isa = PBXShellScriptBuildPhase;
			buildActionMask = 2147483647;
			files = (
			);
			inputPaths = (
			);
			name = "Embed Pods Frameworks";
			outputPaths = (
			);
			runOnlyForDeploymentPostprocessing = 0;
			shellPath = /bin/sh;
			shellScript = "\"${SRCROOT}/Pods/Target Support Files/Pods/Pods-frameworks.sh\"\n";
			showEnvVarsInLog = 0;
		};
		8FC213471158E1D4B90B61DD /* Copy Pods Resources */ = {
			isa = PBXShellScriptBuildPhase;
			buildActionMask = 2147483647;
			files = (
			);
			inputPaths = (
			);
			name = "Copy Pods Resources";
			outputPaths = (
			);
			runOnlyForDeploymentPostprocessing = 0;
			shellPath = /bin/sh;
			shellScript = "\"${SRCROOT}/Pods/Target Support Files/Pods/Pods-resources.sh\"\n";
			showEnvVarsInLog = 0;
		};
/* End PBXShellScriptBuildPhase section */

/* Begin PBXSourcesBuildPhase section */
		DA01167A1D0CFB5F00D5A842 /* Sources */ = {
			isa = PBXSourcesBuildPhase;
			buildActionMask = 2147483647;
			files = (
				DA78C8E51D0E992A0031FF0A /* JSClick.m in Sources */,
				DA0116891D0CFB5F00D5A842 /* ViewController.m in Sources */,
				DAAAA17C1D1291BC00828699 /* JSUPLoad.m in Sources */,
				DA8CA56B1D20F74400A5CF0D /* CustomCell.swift in Sources */,
				DA78C8E11D0D3DCD0031FF0A /* JSStatisticalDataManager.m in Sources */,
				DA8CA56F1D21015E00A5CF0D /* KKNavigationController.m in Sources */,
				DA0116861D0CFB5F00D5A842 /* AppDelegate.m in Sources */,
				DA78C8EB1D0FAAB60031FF0A /* JSClickEventStat.m in Sources */,
				DA0116BD1D0CFDDD00D5A842 /* UIViewController+SwizzlingView.m in Sources */,
				DA0116831D0CFB5F00D5A842 /* main.m in Sources */,
				DA78C8E81D0FAAA70031FF0A /* JSClickPageStat.m in Sources */,
				DA0116BE1D0CFDDD00D5A842 /* JSHookUtility.m in Sources */,
				DA8CA5691D20BABA00A5CF0D /* Upload.swift in Sources */,
				DA0116C11D0CFE0F00D5A842 /* ViewController2.m in Sources */,
				DA182F7E1D13CCA800C9C886 /* TableViewCell.m in Sources */,
				DA0116C41D0CFE1D00D5A842 /* ViewController3.m in Sources */,
				DA8CA5731D2107D400A5CF0D /* MLNavigationController.m in Sources */,
				DAAAA17F1D129C8800828699 /* JSONKit.m in Sources */,
			);
			runOnlyForDeploymentPostprocessing = 0;
		};
		DA0116931D0CFB5F00D5A842 /* Sources */ = {
			isa = PBXSourcesBuildPhase;
			buildActionMask = 2147483647;
			files = (
				DA01169C1D0CFB5F00D5A842 /* CountAppTests.m in Sources */,
			);
			runOnlyForDeploymentPostprocessing = 0;
		};
		DA01169E1D0CFB5F00D5A842 /* Sources */ = {
			isa = PBXSourcesBuildPhase;
			buildActionMask = 2147483647;
			files = (
				DA0116A71D0CFB5F00D5A842 /* CountAppUITests.m in Sources */,
			);
			runOnlyForDeploymentPostprocessing = 0;
		};
/* End PBXSourcesBuildPhase section */

/* Begin PBXTargetDependency section */
		DA0116991D0CFB5F00D5A842 /* PBXTargetDependency */ = {
			isa = PBXTargetDependency;
			target = DA01167D1D0CFB5F00D5A842 /* CountApp */;
			targetProxy = DA0116981D0CFB5F00D5A842 /* PBXContainerItemProxy */;
		};
		DA0116A41D0CFB5F00D5A842 /* PBXTargetDependency */ = {
			isa = PBXTargetDependency;
			target = DA01167D1D0CFB5F00D5A842 /* CountApp */;
			targetProxy = DA0116A31D0CFB5F00D5A842 /* PBXContainerItemProxy */;
		};
/* End PBXTargetDependency section */

/* Begin PBXVariantGroup section */
		DA01168A1D0CFB5F00D5A842 /* Main.storyboard */ = {
			isa = PBXVariantGroup;
			children = (
				DA01168B1D0CFB5F00D5A842 /* Base */,
			);
			name = Main.storyboard;
			sourceTree = "<group>";
		};
		DA01168F1D0CFB5F00D5A842 /* LaunchScreen.storyboard */ = {
			isa = PBXVariantGroup;
			children = (
				DA0116901D0CFB5F00D5A842 /* Base */,
			);
			name = LaunchScreen.storyboard;
			sourceTree = "<group>";
		};
/* End PBXVariantGroup section */

/* Begin XCBuildConfiguration section */
		DA0116A91D0CFB5F00D5A842 /* Debug */ = {
			isa = XCBuildConfiguration;
			buildSettings = {
				ALWAYS_SEARCH_USER_PATHS = NO;
				CLANG_ANALYZER_NONNULL = YES;
				CLANG_CXX_LANGUAGE_STANDARD = "gnu++0x";
				CLANG_CXX_LIBRARY = "libc++";
				CLANG_ENABLE_MODULES = YES;
				CLANG_ENABLE_OBJC_ARC = YES;
				CLANG_WARN_BOOL_CONVERSION = YES;
				CLANG_WARN_CONSTANT_CONVERSION = YES;
				CLANG_WARN_DIRECT_OBJC_ISA_USAGE = YES_ERROR;
				CLANG_WARN_EMPTY_BODY = YES;
				CLANG_WARN_ENUM_CONVERSION = YES;
				CLANG_WARN_INT_CONVERSION = YES;
				CLANG_WARN_OBJC_ROOT_CLASS = YES_ERROR;
				CLANG_WARN_UNREACHABLE_CODE = YES;
				CLANG_WARN__DUPLICATE_METHOD_MATCH = YES;
				"CODE_SIGN_IDENTITY[sdk=iphoneos*]" = "iPhone Developer";
				COPY_PHASE_STRIP = NO;
				DEBUG_INFORMATION_FORMAT = dwarf;
				ENABLE_STRICT_OBJC_MSGSEND = YES;
				ENABLE_TESTABILITY = YES;
				GCC_C_LANGUAGE_STANDARD = gnu99;
				GCC_DYNAMIC_NO_PIC = NO;
				GCC_NO_COMMON_BLOCKS = YES;
				GCC_OPTIMIZATION_LEVEL = 0;
				GCC_PREPROCESSOR_DEFINITIONS = (
					"DEBUG=1",
					"$(inherited)",
				);
				GCC_WARN_64_TO_32_BIT_CONVERSION = YES;
				GCC_WARN_ABOUT_RETURN_TYPE = YES_ERROR;
				GCC_WARN_UNDECLARED_SELECTOR = YES;
				GCC_WARN_UNINITIALIZED_AUTOS = YES_AGGRESSIVE;
				GCC_WARN_UNUSED_FUNCTION = YES;
				GCC_WARN_UNUSED_VARIABLE = YES;
				IPHONEOS_DEPLOYMENT_TARGET = 9.3;
				MTL_ENABLE_DEBUG_INFO = YES;
				ONLY_ACTIVE_ARCH = YES;
				SDKROOT = iphoneos;
				TARGETED_DEVICE_FAMILY = "1,2";
			};
			name = Debug;
		};
		DA0116AA1D0CFB5F00D5A842 /* Release */ = {
			isa = XCBuildConfiguration;
			buildSettings = {
				ALWAYS_SEARCH_USER_PATHS = NO;
				CLANG_ANALYZER_NONNULL = YES;
				CLANG_CXX_LANGUAGE_STANDARD = "gnu++0x";
				CLANG_CXX_LIBRARY = "libc++";
				CLANG_ENABLE_MODULES = YES;
				CLANG_ENABLE_OBJC_ARC = YES;
				CLANG_WARN_BOOL_CONVERSION = YES;
				CLANG_WARN_CONSTANT_CONVERSION = YES;
				CLANG_WARN_DIRECT_OBJC_ISA_USAGE = YES_ERROR;
				CLANG_WARN_EMPTY_BODY = YES;
				CLANG_WARN_ENUM_CONVERSION = YES;
				CLANG_WARN_INT_CONVERSION = YES;
				CLANG_WARN_OBJC_ROOT_CLASS = YES_ERROR;
				CLANG_WARN_UNREACHABLE_CODE = YES;
				CLANG_WARN__DUPLICATE_METHOD_MATCH = YES;
				"CODE_SIGN_IDENTITY[sdk=iphoneos*]" = "iPhone Developer";
				COPY_PHASE_STRIP = NO;
				DEBUG_INFORMATION_FORMAT = "dwarf-with-dsym";
				ENABLE_NS_ASSERTIONS = NO;
				ENABLE_STRICT_OBJC_MSGSEND = YES;
				GCC_C_LANGUAGE_STANDARD = gnu99;
				GCC_NO_COMMON_BLOCKS = YES;
				GCC_WARN_64_TO_32_BIT_CONVERSION = YES;
				GCC_WARN_ABOUT_RETURN_TYPE = YES_ERROR;
				GCC_WARN_UNDECLARED_SELECTOR = YES;
				GCC_WARN_UNINITIALIZED_AUTOS = YES_AGGRESSIVE;
				GCC_WARN_UNUSED_FUNCTION = YES;
				GCC_WARN_UNUSED_VARIABLE = YES;
				IPHONEOS_DEPLOYMENT_TARGET = 9.3;
				MTL_ENABLE_DEBUG_INFO = NO;
				SDKROOT = iphoneos;
				TARGETED_DEVICE_FAMILY = "1,2";
				VALIDATE_PRODUCT = YES;
			};
			name = Release;
		};
		DA0116AC1D0CFB5F00D5A842 /* Debug */ = {
			isa = XCBuildConfiguration;
			baseConfigurationReference = 72870B26BBD1C826814CAAC0 /* Pods.debug.xcconfig */;
			buildSettings = {
				ASSETCATALOG_COMPILER_APPICON_NAME = AppIcon;
				CLANG_ENABLE_MODULES = YES;
				DEBUG_INFORMATION_FORMAT = "dwarf-with-dsym";
				ENABLE_BITCODE = NO;
				ENABLE_TESTABILITY = NO;
				INFOPLIST_FILE = CountApp/Info.plist;
				LD_RUNPATH_SEARCH_PATHS = "$(inherited) @executable_path/Frameworks";
				ONLY_ACTIVE_ARCH = YES;
				OTHER_LDFLAGS = (
					"$(inherited)",
					"-ObjC",
					"-l\"sqlite3\"",
					"-l\"z\"",
					"-framework",
					"\"CoreTelephony\"",
					"-framework",
					"\"UMMobClick\"",
					"-all_load",
				);
				PRODUCT_BUNDLE_IDENTIFIER = com.52jiaoshi;
				PRODUCT_NAME = "$(TARGET_NAME)";
				SWIFT_OBJC_BRIDGING_HEADER = "CountApp/JSCountMananger/CountApp-Bridging-Header.h";
				SWIFT_OPTIMIZATION_LEVEL = "-Onone";
				VALIDATE_PRODUCT = NO;
				VALID_ARCHS = "armv7 armv7s arm64";
			};
			name = Debug;
		};
		DA0116AD1D0CFB5F00D5A842 /* Release */ = {
			isa = XCBuildConfiguration;
			baseConfigurationReference = 18DCCF13794A1CA9F8CDAD25 /* Pods.release.xcconfig */;
			buildSettings = {
				ASSETCATALOG_COMPILER_APPICON_NAME = AppIcon;
				CLANG_ENABLE_MODULES = YES;
				DEBUG_INFORMATION_FORMAT = "dwarf-with-dsym";
				ENABLE_BITCODE = NO;
				INFOPLIST_FILE = CountApp/Info.plist;
				LD_RUNPATH_SEARCH_PATHS = "$(inherited) @executable_path/Frameworks";
				ONLY_ACTIVE_ARCH = NO;
				OTHER_LDFLAGS = (
					"$(inherited)",
					"-ObjC",
					"-l\"sqlite3\"",
					"-l\"z\"",
					"-framework",
					"\"CoreTelephony\"",
					"-framework",
					"\"UMMobClick\"",
					"-all_load",
				);
				PRODUCT_BUNDLE_IDENTIFIER = com.52jiaoshi;
				PRODUCT_NAME = "$(TARGET_NAME)";
				SWIFT_OBJC_BRIDGING_HEADER = "CountApp/JSCountMananger/CountApp-Bridging-Header.h";
				VALIDATE_PRODUCT = NO;
				VALID_ARCHS = "armv7 armv7s arm64";
			};
			name = Release;
		};
		DA0116AF1D0CFB5F00D5A842 /* Debug */ = {
			isa = XCBuildConfiguration;
			buildSettings = {
				BUNDLE_LOADER = "$(TEST_HOST)";
				INFOPLIST_FILE = CountAppTests/Info.plist;
				LD_RUNPATH_SEARCH_PATHS = "$(inherited) @executable_path/Frameworks @loader_path/Frameworks";
				PRODUCT_BUNDLE_IDENTIFIER = com.52js.Ste.CountAppTests;
				PRODUCT_NAME = "$(TARGET_NAME)";
				TEST_HOST = "$(BUILT_PRODUCTS_DIR)/CountApp.app/CountApp";
			};
			name = Debug;
		};
		DA0116B01D0CFB5F00D5A842 /* Release */ = {
			isa = XCBuildConfiguration;
			buildSettings = {
				BUNDLE_LOADER = "$(TEST_HOST)";
				INFOPLIST_FILE = CountAppTests/Info.plist;
				LD_RUNPATH_SEARCH_PATHS = "$(inherited) @executable_path/Frameworks @loader_path/Frameworks";
				PRODUCT_BUNDLE_IDENTIFIER = com.52js.Ste.CountAppTests;
				PRODUCT_NAME = "$(TARGET_NAME)";
				TEST_HOST = "$(BUILT_PRODUCTS_DIR)/CountApp.app/CountApp";
			};
			name = Release;
		};
		DA0116B21D0CFB5F00D5A842 /* Debug */ = {
			isa = XCBuildConfiguration;
			buildSettings = {
				INFOPLIST_FILE = CountAppUITests/Info.plist;
				LD_RUNPATH_SEARCH_PATHS = "$(inherited) @executable_path/Frameworks @loader_path/Frameworks";
				PRODUCT_BUNDLE_IDENTIFIER = com.52js.Ste.CountAppUITests;
				PRODUCT_NAME = "$(TARGET_NAME)";
				TEST_TARGET_NAME = CountApp;
			};
			name = Debug;
		};
		DA0116B31D0CFB5F00D5A842 /* Release */ = {
			isa = XCBuildConfiguration;
			buildSettings = {
				INFOPLIST_FILE = CountAppUITests/Info.plist;
				LD_RUNPATH_SEARCH_PATHS = "$(inherited) @executable_path/Frameworks @loader_path/Frameworks";
				PRODUCT_BUNDLE_IDENTIFIER = com.52js.Ste.CountAppUITests;
				PRODUCT_NAME = "$(TARGET_NAME)";
				TEST_TARGET_NAME = CountApp;
			};
			name = Release;
		};
/* End XCBuildConfiguration section */

/* Begin XCConfigurationList section */
		DA0116791D0CFB5F00D5A842 /* Build configuration list for PBXProject "CountApp" */ = {
			isa = XCConfigurationList;
			buildConfigurations = (
				DA0116A91D0CFB5F00D5A842 /* Debug */,
				DA0116AA1D0CFB5F00D5A842 /* Release */,
			);
			defaultConfigurationIsVisible = 0;
			defaultConfigurationName = Release;
		};
		DA0116AB1D0CFB5F00D5A842 /* Build configuration list for PBXNativeTarget "CountApp" */ = {
			isa = XCConfigurationList;
			buildConfigurations = (
				DA0116AC1D0CFB5F00D5A842 /* Debug */,
				DA0116AD1D0CFB5F00D5A842 /* Release */,
			);
			defaultConfigurationIsVisible = 0;
			defaultConfigurationName = Release;
		};
		DA0116AE1D0CFB5F00D5A842 /* Build configuration list for PBXNativeTarget "CountAppTests" */ = {
			isa = XCConfigurationList;
			buildConfigurations = (
				DA0116AF1D0CFB5F00D5A842 /* Debug */,
				DA0116B01D0CFB5F00D5A842 /* Release */,
			);
			defaultConfigurationIsVisible = 0;
			defaultConfigurationName = Release;
		};
		DA0116B11D0CFB5F00D5A842 /* Build configuration list for PBXNativeTarget "CountAppUITests" */ = {
			isa = XCConfigurationList;
			buildConfigurations = (
				DA0116B21D0CFB5F00D5A842 /* Debug */,
				DA0116B31D0CFB5F00D5A842 /* Release */,
			);
			defaultConfigurationIsVisible = 0;
			defaultConfigurationName = Release;
		};
/* End XCConfigurationList section */
	};
	rootObject = DA0116761D0CFB5F00D5A842 /* Project object */;
}
